
Microsoft Visual Studio Solution File, Format Version 12.00
# Visual Studio Version 17
VisualStudioVersion = 17.14.36327.8
MinimumVisualStudioVersion = 10.0.40219.1
Project("{FAE04EC0-301F-11D3-BF4B-00C04F79EFBC}") = "JobTracker", "JobTracker\JobTracker.csproj", "{DB35D46A-CE7D-40AD-8238-13A789F88458}"
EndProject
Global
	GlobalSection(SolutionConfigurationPlatforms) = preSolution
		Debug|Any CPU = Debug|Any CPU
		Release|Any CPU = Release|Any CPU
	EndGlobalSection
	GlobalSection(ProjectConfigurationPlatforms) = postSolution
		{DB35D46A-CE7D-40AD-8238-13A789F88458}.Debug|Any CPU.ActiveCfg = Debug|Any CPU
		{DB35D46A-CE7D-40AD-8238-13A789F88458}.Debug|Any CPU.Build.0 = Debug|Any CPU
		{DB35D46A-CE7D-40AD-8238-13A789F88458}.Release|Any CPU.ActiveCfg = Release|Any CPU
		{DB35D46A-CE7D-40AD-8238-13A789F88458}.Release|Any CPU.Build.0 = Release|Any CPU
	EndGlobalSection
	GlobalSection(SolutionProperties) = preSolution
		HideSolutionNode = FALSE
	EndGlobalSection
	GlobalSection(ExtensibilityGlobals) = postSolution
		SolutionGuid = {409BBA91-4ECA-4BE4-83F3-559AD0655A0A}
	EndGlobalSection
EndGlobal
